// !$*UTF8*$!
{
	archiveVersion = 1;
	classes = {
	};
	objectVersion = 56;
	objects = {

/* Begin PBXBuildFile section */
		946EAB862A41AC6A004ECD2A /* FuturedBotApp.swift in Sources */ = {isa = PBXBuildFile; fileRef = 946EAB852A41AC6A004ECD2A /* FuturedBotApp.swift */; };
		946EAB882A41AC6A004ECD2A /* ChatView.swift in Sources */ = {isa = PBXBuildFile; fileRef = 946EAB872A41AC6A004ECD2A /* ChatView.swift */; };
		946EAB8A2A41AC6A004ECD2A /* Assets.xcassets in Resources */ = {isa = PBXBuildFile; fileRef = 946EAB892A41AC6A004ECD2A /* Assets.xcassets */; };
		946EAB8D2A41AC6A004ECD2A /* Preview Assets.xcassets in Resources */ = {isa = PBXBuildFile; fileRef = 946EAB8C2A41AC6A004ECD2A /* Preview Assets.xcassets */; };
		94A2F0432A41B4770075C85A /* OpenAI in Frameworks */ = {isa = PBXBuildFile; productRef = 94A2F0422A41B4770075C85A /* OpenAI */; };
		94A2F0452A41BAF20075C85A /* AnalyzeView.swift in Sources */ = {isa = PBXBuildFile; fileRef = 94A2F0442A41BAF20075C85A /* AnalyzeView.swift */; };
/* End PBXBuildFile section */

/* Begin PBXFileReference section */
		946EAB822A41AC6A004ECD2A /* FuturedBot.app */ = {isa = PBXFileReference; explicitFileType = wrapper.application; includeInIndex = 0; path = FuturedBot.app; sourceTree = BUILT_PRODUCTS_DIR; };
		946EAB852A41AC6A004ECD2A /* FuturedBotApp.swift */ = {isa = PBXFileReference; lastKnownFileType = sourcecode.swift; path = FuturedBotApp.swift; sourceTree = "<group>"; };
		946EAB872A41AC6A004ECD2A /* ChatView.swift */ = {isa = PBXFileReference; lastKnownFileType = sourcecode.swift; path = ChatView.swift; sourceTree = "<group>"; };
		946EAB892A41AC6A004ECD2A /* Assets.xcassets */ = {isa = PBXFileReference; lastKnownFileType = folder.assetcatalog; path = Assets.xcassets; sourceTree = "<group>"; };
		946EAB8C2A41AC6A004ECD2A /* Preview Assets.xcassets */ = {isa = PBXFileReference; lastKnownFileType = folder.assetcatalog; path = "Preview Assets.xcassets"; sourceTree = "<group>"; };
		946EAB992A41B293004ECD2A /* OpenAI-functions */ = {isa = PBXFileReference; lastKnownFileType = wrapper; name = "OpenAI-functions"; path = "../../../Downloads/OpenAI-functions"; sourceTree = "<group>"; };
		94A2F0442A41BAF20075C85A /* AnalyzeView.swift */ = {isa = PBXFileReference; lastKnownFileType = sourcecode.swift; path = AnalyzeView.swift; sourceTree = "<group>"; };
/* End PBXFileReference section */

/* Begin PBXFrameworksBuildPhase section */
		946EAB7F2A41AC6A004ECD2A /* Frameworks */ = {
			isa = PBXFrameworksBuildPhase;
			buildActionMask = 2147483647;
			files = (
				94A2F0432A41B4770075C85A /* OpenAI in Frameworks */,
			);
			runOnlyForDeploymentPostprocessing = 0;
		};
/* End PBXFrameworksBuildPhase section */

/* Begin PBXGroup section */
		946EAB792A41AC6A004ECD2A = {
			isa = PBXGroup;
			children = (
				946EAB982A41B293004ECD2A /* Packages */,
				946EAB842A41AC6A004ECD2A /* FuturedBot */,
				946EAB832A41AC6A004ECD2A /* Products */,
				94A2F0412A41B4770075C85A /* Frameworks */,
			);
			sourceTree = "<group>";
		};
		946EAB832A41AC6A004ECD2A /* Products */ = {
			isa = PBXGroup;
			children = (
				946EAB822A41AC6A004ECD2A /* FuturedBot.app */,
			);
			name = Products;
			sourceTree = "<group>";
		};
		946EAB842A41AC6A004ECD2A /* FuturedBot */ = {
			isa = PBXGroup;
			children = (
				946EAB852A41AC6A004ECD2A /* FuturedBotApp.swift */,
				946EAB872A41AC6A004ECD2A /* ChatView.swift */,
				94A2F0442A41BAF20075C85A /* AnalyzeView.swift */,
				946EAB892A41AC6A004ECD2A /* Assets.xcassets */,
				946EAB8B2A41AC6A004ECD2A /* Preview Content */,
			);
			path = FuturedBot;
			sourceTree = "<group>";
		};
		946EAB8B2A41AC6A004ECD2A /* Preview Content */ = {
			isa = PBXGroup;
			children = (
				946EAB8C2A41AC6A004ECD2A /* Preview Assets.xcassets */,
			);
			path = "Preview Content";
			sourceTree = "<group>";
		};
		946EAB982A41B293004ECD2A /* Packages */ = {
			isa = PBXGroup;
			children = (
				946EAB992A41B293004ECD2A /* OpenAI-functions */,
			);
			name = Packages;
			sourceTree = "<group>";
		};
		94A2F0412A41B4770075C85A /* Frameworks */ = {
			isa = PBXGroup;
			children = (
			);
			name = Frameworks;
			sourceTree = "<group>";
		};
/* End PBXGroup section */

/* Begin PBXNativeTarget section */
		946EAB812A41AC6A004ECD2A /* FuturedBot */ = {
			isa = PBXNativeTarget;
			buildConfigurationList = 946EAB902A41AC6A004ECD2A /* Build configuration list for PBXNativeTarget "FuturedBot" */;
			buildPhases = (
				946EAB7E2A41AC6A004ECD2A /* Sources */,
				946EAB7F2A41AC6A004ECD2A /* Frameworks */,
				946EAB802A41AC6A004ECD2A /* Resources */,
			);
			buildRules = (
			);
			dependencies = (
			);
			name = FuturedBot;
			packageProductDependencies = (
				94A2F0422A41B4770075C85A /* OpenAI */,
			);
			productName = FuturedBot;
			productReference = 946EAB822A41AC6A004ECD2A /* FuturedBot.app */;
			productType = "com.apple.product-type.application";
		};
/* End PBXNativeTarget section */

/* Begin PBXProject section */
		946EAB7A2A41AC6A004ECD2A /* Project object */ = {
			isa = PBXProject;
			attributes = {
				BuildIndependentTargetsInParallel = 1;
				LastSwiftUpdateCheck = 1430;
				LastUpgradeCheck = 1430;
				TargetAttributes = {
					946EAB812A41AC6A004ECD2A = {
						CreatedOnToolsVersion = 14.3;
					};
				};
			};
			buildConfigurationList = 946EAB7D2A41AC6A004ECD2A /* Build configuration list for PBXProject "FuturedBot" */;
			compatibilityVersion = "Xcode 14.0";
			developmentRegion = en;
			hasScannedForEncodings = 0;
			knownRegions = (
				en,
				Base,
			);
			mainGroup = 946EAB792A41AC6A004ECD2A;
			packageReferences = (
			);
			productRefGroup = 946EAB832A41AC6A004ECD2A /* Products */;
			projectDirPath = "";
			projectRoot = "";
			targets = (
				946EAB812A41AC6A004ECD2A /* FuturedBot */,
			);
		};
/* End PBXProject section */

/* Begin PBXResourcesBuildPhase section */
		946EAB802A41AC6A004ECD2A /* Resources */ = {
			isa = PBXResourcesBuildPhase;
			buildActionMask = 2147483647;
			files = (
				946EAB8D2A41AC6A004ECD2A /* Preview Assets.xcassets in Resources */,
				946EAB8A2A41AC6A004ECD2A /* Assets.xcassets in Resources */,
			);
			runOnlyForDeploymentPostprocessing = 0;
		};
/* End PBXResourcesBuildPhase section */

/* Begin PBXSourcesBuildPhase section */
		946EAB7E2A41AC6A004ECD2A /* Sources */ = {
			isa = PBXSourcesBuildPhase;
			buildActionMask = 2147483647;
			files = (
				946EAB882A41AC6A004ECD2A /* ChatView.swift in Sources */,
				94A2F0452A41BAF20075C85A /* AnalyzeView.swift in Sources */,
				946EAB862A41AC6A004ECD2A /* FuturedBotApp.swift in Sources */,
			);
			runOnlyForDeploymentPostprocessing = 0;
		};
/* End PBXSourcesBuildPhase section */

/* Begin XCBuildConfiguration section */
		946EAB8E2A41AC6A004ECD2A /* Debug */ = {
			isa = XCBuildConfiguration;
			buildSettings = {
				ALWAYS_SEARCH_USER_PATHS = NO;
				CLANG_ANALYZER_NONNULL = YES;
				CLANG_ANALYZER_NUMBER_OBJECT_CONVERSION = YES_AGGRESSIVE;
				CLANG_CXX_LANGUAGE_STANDARD = "gnu++20";
				CLANG_ENABLE_MODULES = YES;
				CLANG_ENABLE_OBJC_ARC = YES;
				CLANG_ENABLE_OBJC_WEAK = YES;
				CLANG_WARN_BLOCK_CAPTURE_AUTORELEASING = YES;
				CLANG_WARN_BOOL_CONVERSION = YES;
				CLANG_WARN_COMMA = YES;
				CLANG_WARN_CONSTANT_CONVERSION = YES;
				CLANG_WARN_DEPRECATED_OBJC_IMPLEMENTATIONS = YES;
				CLANG_WARN_DIRECT_OBJC_ISA_USAGE = YES_ERROR;
				CLANG_WARN_DOCUMENTATION_COMMENTS = YES;
				CLANG_WARN_EMPTY_BODY = YES;
				CLANG_WARN_ENUM_CONVERSION = YES;
				CLANG_WARN_INFINITE_RECURSION = YES;
				CLANG_WARN_INT_CONVERSION = YES;
				CLANG_WARN_NON_LITERAL_NULL_CONVERSION = YES;
				CLANG_WARN_OBJC_IMPLICIT_RETAIN_SELF = YES;
				CLANG_WARN_OBJC_LITERAL_CONVERSION = YES;
				CLANG_WARN_OBJC_ROOT_CLASS = YES_ERROR;
				CLANG_WARN_QUOTED_INCLUDE_IN_FRAMEWORK_HEADER = YES;
				CLANG_WARN_RANGE_LOOP_ANALYSIS = YES;
				CLANG_WARN_STRICT_PROTOTYPES = YES;
				CLANG_WARN_SUSPICIOUS_MOVE = YES;
				CLANG_WARN_UNGUARDED_AVAILABILITY = YES_AGGRESSIVE;
				CLANG_WARN_UNREACHABLE_CODE = YES;
				CLANG_WARN__DUPLICATE_METHOD_MATCH = YES;
				COPY_PHASE_STRIP = NO;
				DEBUG_INFORMATION_FORMAT = dwarf;
				ENABLE_STRICT_OBJC_MSGSEND = YES;
				ENABLE_TESTABILITY = YES;
				GCC_C_LANGUAGE_STANDARD = gnu11;
				GCC_DYNAMIC_NO_PIC = NO;
				GCC_NO_COMMON_BLOCKS = YES;
				GCC_OPTIMIZATION_LEVEL = 0;
				GCC_PREPROCESSOR_DEFINITIONS = (
					"DEBUG=1",
					"$(inherited)",
				);
				GCC_WARN_64_TO_32_BIT_CONVERSION = YES;
				GCC_WARN_ABOUT_RETURN_TYPE = YES_ERROR;
				GCC_WARN_UNDECLARED_SELECTOR = YES;
				GCC_WARN_UNINITIALIZED_AUTOS = YES_AGGRESSIVE;
				GCC_WARN_UNUSED_FUNCTION = YES;
				GCC_WARN_UNUSED_VARIABLE = YES;
				IPHONEOS_DEPLOYMENT_TARGET = 16.4;
				MTL_ENABLE_DEBUG_INFO = INCLUDE_SOURCE;
				MTL_FAST_MATH = YES;
				ONLY_ACTIVE_ARCH = YES;
				SDKROOT = iphoneos;
				SWIFT_ACTIVE_COMPILATION_CONDITIONS = DEBUG;
				SWIFT_OPTIMIZATION_LEVEL = "-Onone";
			};
			name = Debug;
		};
		946EAB8F2A41AC6A004ECD2A /* Release */ = {
			isa = XCBuildConfiguration;
			buildSettings = {
				ALWAYS_SEARCH_USER_PATHS = NO;
				CLANG_ANALYZER_NONNULL = YES;
				CLANG_ANALYZER_NUMBER_OBJECT_CONVERSION = YES_AGGRESSIVE;
				CLANG_CXX_LANGUAGE_STANDARD = "gnu++20";
				CLANG_ENABLE_MODULES = YES;
				CLANG_ENABLE_OBJC_ARC = YES;
				CLANG_ENABLE_OBJC_WEAK = YES;
				CLANG_WARN_BLOCK_CAPTURE_AUTORELEASING = YES;
				CLANG_WARN_BOOL_CONVERSION = YES;
				CLANG_WARN_COMMA = YES;
				CLANG_WARN_CONSTANT_CONVERSION = YES;
				CLANG_WARN_DEPRECATED_OBJC_IMPLEMENTATIONS = YES;
				CLANG_WARN_DIRECT_OBJC_ISA_USAGE = YES_ERROR;
				CLANG_WARN_DOCUMENTATION_COMMENTS = YES;
				CLANG_WARN_EMPTY_BODY = YES;
				CLANG_WARN_ENUM_CONVERSION = YES;
				CLANG_WARN_INFINITE_RECURSION = YES;
				CLANG_WARN_INT_CONVERSION = YES;
				CLANG_WARN_NON_LITERAL_NULL_CONVERSION = YES;
				CLANG_WARN_OBJC_IMPLICIT_RETAIN_SELF = YES;
				CLANG_WARN_OBJC_LITERAL_CONVERSION = YES;
				CLANG_WARN_OBJC_ROOT_CLASS = YES_ERROR;
				CLANG_WARN_QUOTED_INCLUDE_IN_FRAMEWORK_HEADER = YES;
				CLANG_WARN_RANGE_LOOP_ANALYSIS = YES;
				CLANG_WARN_STRICT_PROTOTYPES = YES;
				CLANG_WARN_SUSPICIOUS_MOVE = YES;
				CLANG_WARN_UNGUARDED_AVAILABILITY = YES_AGGRESSIVE;
				CLANG_WARN_UNREACHABLE_CODE = YES;
				CLANG_WARN__DUPLICATE_METHOD_MATCH = YES;
				COPY_PHASE_STRIP = NO;
				DEBUG_INFORMATION_FORMAT = "dwarf-with-dsym";
				ENABLE_NS_ASSERTIONS = NO;
				ENABLE_STRICT_OBJC_MSGSEND = YES;
				GCC_C_LANGUAGE_STANDARD = gnu11;
				GCC_NO_COMMON_BLOCKS = YES;
				GCC_WARN_64_TO_32_BIT_CONVERSION = YES;
				GCC_WARN_ABOUT_RETURN_TYPE = YES_ERROR;
				GCC_WARN_UNDECLARED_SELECTOR = YES;
				GCC_WARN_UNINITIALIZED_AUTOS = YES_AGGRESSIVE;
				GCC_WARN_UNUSED_FUNCTION = YES;
				GCC_WARN_UNUSED_VARIABLE = YES;
				IPHONEOS_DEPLOYMENT_TARGET = 16.4;
				MTL_ENABLE_DEBUG_INFO = NO;
				MTL_FAST_MATH = YES;
				SDKROOT = iphoneos;
				SWIFT_COMPILATION_MODE = wholemodule;
				SWIFT_OPTIMIZATION_LEVEL = "-O";
				VALIDATE_PRODUCT = YES;
			};
			name = Release;
		};
		946EAB912A41AC6A004ECD2A /* Debug */ = {
			isa = XCBuildConfiguration;
			buildSettings = {
				ASSETCATALOG_COMPILER_APPICON_NAME = AppIcon;
				ASSETCATALOG_COMPILER_GLOBAL_ACCENT_COLOR_NAME = AccentColor;
				CODE_SIGN_STYLE = Automatic;
				CURRENT_PROJECT_VERSION = 1;
				DEVELOPMENT_ASSET_PATHS = "\"FuturedBot/Preview Content\"";
				DEVELOPMENT_TEAM = LLW79T3K9U;
				ENABLE_PREVIEWS = YES;
				GENERATE_INFOPLIST_FILE = YES;
				INFOPLIST_KEY_UIApplicationSceneManifest_Generation = YES;
				INFOPLIST_KEY_UIApplicationSupportsIndirectInputEvents = YES;
				INFOPLIST_KEY_UILaunchScreen_Generation = YES;
				INFOPLIST_KEY_UISupportedInterfaceOrientations_iPad = "UIInterfaceOrientationPortrait UIInterfaceOrientationPortraitUpsideDown UIInterfaceOrientationLandscapeLeft UIInterfaceOrientationLandscapeRight";
				INFOPLIST_KEY_UISupportedInterfaceOrientations_iPhone = "UIInterfaceOrientationPortrait UIInterfaceOrientationLandscapeLeft UIInterfaceOrientationLandscapeRight";
				LD_RUNPATH_SEARCH_PATHS = (
					"$(inherited)",
					"@executable_path/Frameworks",
				);
				MARKETING_VERSION = 1.0;
				PRODUCT_BUNDLE_IDENTIFIER = app.futured.FuturedBot;
				PRODUCT_NAME = "$(TARGET_NAME)";
				SWIFT_EMIT_LOC_STRINGS = YES;
				SWIFT_VERSION = 5.0;
				TARGETED_DEVICE_FAMILY = "1,2";
			};
			name = Debug;
		};
		946EAB922A41AC6A004ECD2A /* Release */ = {
			isa = XCBuildConfiguration;
			buildSettings = {
				ASSETCATALOG_COMPILER_APPICON_NAME = AppIcon;
				ASSETCATALOG_COMPILER_GLOBAL_ACCENT_COLOR_NAME = AccentColor;
				CODE_SIGN_STYLE = Automatic;
				CURRENT_PROJECT_VERSION = 1;
				DEVELOPMENT_ASSET_PATHS = "\"FuturedBot/Preview Content\"";
				DEVELOPMENT_TEAM = LLW79T3K9U;
				ENABLE_PREVIEWS = YES;
				GENERATE_INFOPLIST_FILE = YES;
				INFOPLIST_KEY_UIApplicationSceneManifest_Generation = YES;
				INFOPLIST_KEY_UIApplicationSupportsIndirectInputEvents = YES;
				INFOPLIST_KEY_UILaunchScreen_Generation = YES;
				INFOPLIST_KEY_UISupportedInterfaceOrientations_iPad = "UIInterfaceOrientationPortrait UIInterfaceOrientationPortraitUpsideDown UIInterfaceOrientationLandscapeLeft UIInterfaceOrientationLandscapeRight";
				INFOPLIST_KEY_UISupportedInterfaceOrientations_iPhone = "UIInterfaceOrientationPortrait UIInterfaceOrientationLandscapeLeft UIInterfaceOrientationLandscapeRight";
				LD_RUNPATH_SEARCH_PATHS = (
					"$(inherited)",
					"@executable_path/Frameworks",
				);
				MARKETING_VERSION = 1.0;
				PRODUCT_BUNDLE_IDENTIFIER = app.futured.FuturedBot;
				PRODUCT_NAME = "$(TARGET_NAME)";
				SWIFT_EMIT_LOC_STRINGS = YES;
				SWIFT_VERSION = 5.0;
				TARGETED_DEVICE_FAMILY = "1,2";
			};
			name = Release;
		};
/* End XCBuildConfiguration section */

/* Begin XCConfigurationList section */
		946EAB7D2A41AC6A004ECD2A /* Build configuration list for PBXProject "FuturedBot" */ = {
			isa = XCConfigurationList;
			buildConfigurations = (
				946EAB8E2A41AC6A004ECD2A /* Debug */,
				946EAB8F2A41AC6A004ECD2A /* Release */,
			);
			defaultConfigurationIsVisible = 0;
			defaultConfigurationName = Release;
		};
		946EAB902A41AC6A004ECD2A /* Build configuration list for PBXNativeTarget "FuturedBot" */ = {
			isa = XCConfigurationList;
			buildConfigurations = (
				946EAB912A41AC6A004ECD2A /* Debug */,
				946EAB922A41AC6A004ECD2A /* Release */,
			);
			defaultConfigurationIsVisible = 0;
			defaultConfigurationName = Release;
		};
/* End XCConfigurationList section */

/* Begin XCSwiftPackageProductDependency section */
		94A2F0422A41B4770075C85A /* OpenAI */ = {
			isa = XCSwiftPackageProductDependency;
			productName = OpenAI;
		};
/* End XCSwiftPackageProductDependency section */
	};
	rootObject = 946EAB7A2A41AC6A004ECD2A /* Project object */;
}
