// !$*UTF8*$!
{
	archiveVersion = 1;
	classes = {
	};
	objectVersion = 56;
	objects = {

/* Begin PBXBuildFile section */
		946EAB862A41AC6A004ECD2A /* FuturedBotApp.swift in Sources */ = {isa = PBXBuildFile; fileRef = 946EAB852A41AC6A004ECD2A /* FuturedBotApp.swift */; };
		946EAB882A41AC6A004ECD2A /* ChatView.swift in Sources */ = {isa = PBXBuildFile; fileRef = 946EAB872A41AC6A004ECD2A /* ChatView.swift */; };
		946EAB8A2A41AC6A004ECD2A /* Assets.xcassets in Resources */ = {isa = PBXBuildFile; fileRef = 946EAB892A41AC6A004ECD2A /* Assets.xcassets */; };
		946EAB8D2A41AC6A004ECD2A /* Preview Assets.xcassets in Resources */ = {isa = PBXBuildFile; fileRef = 946EAB8C2A41AC6A004ECD2A /* Preview Assets.xcassets */; };
		94A2F0452A41BAF20075C85A /* AnalyzeView.swift in Sources */ = {isa = PBXBuildFile; fileRef = 94A2F0442A41BAF20075C85A /* AnalyzeView.swift */; };
		94D5C9AB2A41BC6C006F18C4 /* OpenAI in Frameworks */ = {isa = PBXBuildFile; productRef = 94D5C9AA2A41BC6C006F18C4 /* OpenAI */; };
		C0E520942A41C235002FC3D6 /* GraphQL.generated.swift in Sources */ = {isa = PBXBuildFile; fileRef = C0E5208C2A41C235002FC3D6 /* GraphQL.generated.swift */; };
		C0E520952A41C235002FC3D6 /* Queries.graphql in Resources */ = {isa = PBXBuildFile; fileRef = C0E5208D2A41C235002FC3D6 /* Queries.graphql */; };
		C0E520962A41C235002FC3D6 /* Mutations.graphql in Resources */ = {isa = PBXBuildFile; fileRef = C0E5208E2A41C235002FC3D6 /* Mutations.graphql */; };
		C0E520972A41C235002FC3D6 /* CancellableContinuation.swift in Sources */ = {isa = PBXBuildFile; fileRef = C0E5208F2A41C235002FC3D6 /* CancellableContinuation.swift */; };
		C0E520982A41C235002FC3D6 /* APIAdapter.swift in Sources */ = {isa = PBXBuildFile; fileRef = C0E520902A41C235002FC3D6 /* APIAdapter.swift */; };
		C0E520992A41C235002FC3D6 /* schema.json in Resources */ = {isa = PBXBuildFile; fileRef = C0E520912A41C235002FC3D6 /* schema.json */; };
		C0E5209A2A41C235002FC3D6 /* NetworkInterceptorProvider.swift in Sources */ = {isa = PBXBuildFile; fileRef = C0E520922A41C235002FC3D6 /* NetworkInterceptorProvider.swift */; };
		C0E5209B2A41C235002FC3D6 /* ApolloAsyncClientProtocol.swift in Sources */ = {isa = PBXBuildFile; fileRef = C0E520932A41C235002FC3D6 /* ApolloAsyncClientProtocol.swift */; };
		C0E520A02A41C283002FC3D6 /* NetworkingService.swift in Sources */ = {isa = PBXBuildFile; fileRef = C0E5209F2A41C283002FC3D6 /* NetworkingService.swift */; };
		C0E520A32A41C75B002FC3D6 /* Apollo in Frameworks */ = {isa = PBXBuildFile; productRef = C0E520A22A41C75B002FC3D6 /* Apollo */; };
		C0E520A52A41C7E5002FC3D6 /* KeychainService.swift in Sources */ = {isa = PBXBuildFile; fileRef = C0E520A42A41C7E4002FC3D6 /* KeychainService.swift */; };
		C0E520A82A41C804002FC3D6 /* FTPropertyWrappers in Frameworks */ = {isa = PBXBuildFile; productRef = C0E520A72A41C804002FC3D6 /* FTPropertyWrappers */; };
		C0E520AD2A41C838002FC3D6 /* NetworkingError.swift in Sources */ = {isa = PBXBuildFile; fileRef = C0E520AA2A41C838002FC3D6 /* NetworkingError.swift */; };
		C0E520AE2A41C838002FC3D6 /* StandardError.swift in Sources */ = {isa = PBXBuildFile; fileRef = C0E520AB2A41C838002FC3D6 /* StandardError.swift */; };
		C0E520AF2A41C838002FC3D6 /* ApolloError.swift in Sources */ = {isa = PBXBuildFile; fileRef = C0E520AC2A41C838002FC3D6 /* ApolloError.swift */; };
		C0E520B22A41C864002FC3D6 /* Credentials.swift in Sources */ = {isa = PBXBuildFile; fileRef = C0E520B12A41C864002FC3D6 /* Credentials.swift */; };
		C0E520B52A41CC0B002FC3D6 /* URL+Extensions.swift in Sources */ = {isa = PBXBuildFile; fileRef = C0E520B42A41CC0B002FC3D6 /* URL+Extensions.swift */; };
		C0E520B82A41F695002FC3D6 /* WebView.swift in Sources */ = {isa = PBXBuildFile; fileRef = C0E520B72A41F695002FC3D6 /* WebView.swift */; };
/* End PBXBuildFile section */

/* Begin PBXFileReference section */
		946EAB822A41AC6A004ECD2A /* FuturedBot.app */ = {isa = PBXFileReference; explicitFileType = wrapper.application; includeInIndex = 0; path = FuturedBot.app; sourceTree = BUILT_PRODUCTS_DIR; };
		946EAB852A41AC6A004ECD2A /* FuturedBotApp.swift */ = {isa = PBXFileReference; lastKnownFileType = sourcecode.swift; path = FuturedBotApp.swift; sourceTree = "<group>"; };
		946EAB872A41AC6A004ECD2A /* ChatView.swift */ = {isa = PBXFileReference; lastKnownFileType = sourcecode.swift; path = ChatView.swift; sourceTree = "<group>"; };
		946EAB892A41AC6A004ECD2A /* Assets.xcassets */ = {isa = PBXFileReference; lastKnownFileType = folder.assetcatalog; path = Assets.xcassets; sourceTree = "<group>"; };
		946EAB8C2A41AC6A004ECD2A /* Preview Assets.xcassets */ = {isa = PBXFileReference; lastKnownFileType = folder.assetcatalog; path = "Preview Assets.xcassets"; sourceTree = "<group>"; };
		94A2F0442A41BAF20075C85A /* AnalyzeView.swift */ = {isa = PBXFileReference; lastKnownFileType = sourcecode.swift; path = AnalyzeView.swift; sourceTree = "<group>"; };
		94D5C9A92A41BC63006F18C4 /* OpenAI-functions */ = {isa = PBXFileReference; lastKnownFileType = wrapper; path = "OpenAI-functions"; sourceTree = "<group>"; };
		C0E5208C2A41C235002FC3D6 /* GraphQL.generated.swift */ = {isa = PBXFileReference; fileEncoding = 4; lastKnownFileType = sourcecode.swift; path = GraphQL.generated.swift; sourceTree = "<group>"; };
		C0E5208D2A41C235002FC3D6 /* Queries.graphql */ = {isa = PBXFileReference; fileEncoding = 4; lastKnownFileType = text; path = Queries.graphql; sourceTree = "<group>"; };
		C0E5208E2A41C235002FC3D6 /* Mutations.graphql */ = {isa = PBXFileReference; fileEncoding = 4; lastKnownFileType = text; path = Mutations.graphql; sourceTree = "<group>"; };
		C0E5208F2A41C235002FC3D6 /* CancellableContinuation.swift */ = {isa = PBXFileReference; fileEncoding = 4; lastKnownFileType = sourcecode.swift; path = CancellableContinuation.swift; sourceTree = "<group>"; };
		C0E520902A41C235002FC3D6 /* APIAdapter.swift */ = {isa = PBXFileReference; fileEncoding = 4; lastKnownFileType = sourcecode.swift; path = APIAdapter.swift; sourceTree = "<group>"; };
		C0E520912A41C235002FC3D6 /* schema.json */ = {isa = PBXFileReference; fileEncoding = 4; lastKnownFileType = text.json; path = schema.json; sourceTree = "<group>"; };
		C0E520922A41C235002FC3D6 /* NetworkInterceptorProvider.swift */ = {isa = PBXFileReference; fileEncoding = 4; lastKnownFileType = sourcecode.swift; path = NetworkInterceptorProvider.swift; sourceTree = "<group>"; };
		C0E520932A41C235002FC3D6 /* ApolloAsyncClientProtocol.swift */ = {isa = PBXFileReference; fileEncoding = 4; lastKnownFileType = sourcecode.swift; path = ApolloAsyncClientProtocol.swift; sourceTree = "<group>"; };
		C0E5209F2A41C283002FC3D6 /* NetworkingService.swift */ = {isa = PBXFileReference; fileEncoding = 4; lastKnownFileType = sourcecode.swift; path = NetworkingService.swift; sourceTree = "<group>"; };
		C0E520A42A41C7E4002FC3D6 /* KeychainService.swift */ = {isa = PBXFileReference; fileEncoding = 4; lastKnownFileType = sourcecode.swift; path = KeychainService.swift; sourceTree = "<group>"; };
		C0E520AA2A41C838002FC3D6 /* NetworkingError.swift */ = {isa = PBXFileReference; fileEncoding = 4; lastKnownFileType = sourcecode.swift; path = NetworkingError.swift; sourceTree = "<group>"; };
		C0E520AB2A41C838002FC3D6 /* StandardError.swift */ = {isa = PBXFileReference; fileEncoding = 4; lastKnownFileType = sourcecode.swift; path = StandardError.swift; sourceTree = "<group>"; };
		C0E520AC2A41C838002FC3D6 /* ApolloError.swift */ = {isa = PBXFileReference; fileEncoding = 4; lastKnownFileType = sourcecode.swift; path = ApolloError.swift; sourceTree = "<group>"; };
		C0E520B12A41C864002FC3D6 /* Credentials.swift */ = {isa = PBXFileReference; fileEncoding = 4; lastKnownFileType = sourcecode.swift; path = Credentials.swift; sourceTree = "<group>"; };
		C0E520B42A41CC0B002FC3D6 /* URL+Extensions.swift */ = {isa = PBXFileReference; fileEncoding = 4; lastKnownFileType = sourcecode.swift; path = "URL+Extensions.swift"; sourceTree = "<group>"; };
		C0E520B72A41F695002FC3D6 /* WebView.swift */ = {isa = PBXFileReference; lastKnownFileType = sourcecode.swift; path = WebView.swift; sourceTree = "<group>"; };
/* End PBXFileReference section */

/* Begin PBXFrameworksBuildPhase section */
		946EAB7F2A41AC6A004ECD2A /* Frameworks */ = {
			isa = PBXFrameworksBuildPhase;
			buildActionMask = 2147483647;
			files = (
				94D5C9AB2A41BC6C006F18C4 /* OpenAI in Frameworks */,
				C0E520A82A41C804002FC3D6 /* FTPropertyWrappers in Frameworks */,
				C0E520A32A41C75B002FC3D6 /* Apollo in Frameworks */,
			);
			runOnlyForDeploymentPostprocessing = 0;
		};
/* End PBXFrameworksBuildPhase section */

/* Begin PBXGroup section */
		946EAB792A41AC6A004ECD2A = {
			isa = PBXGroup;
			children = (
				94A2F0462A41BC280075C85A /* Packages */,
				946EAB842A41AC6A004ECD2A /* FuturedBot */,
				946EAB832A41AC6A004ECD2A /* Products */,
				94A2F0412A41B4770075C85A /* Frameworks */,
			);
			sourceTree = "<group>";
		};
		946EAB832A41AC6A004ECD2A /* Products */ = {
			isa = PBXGroup;
			children = (
				946EAB822A41AC6A004ECD2A /* FuturedBot.app */,
			);
			name = Products;
			sourceTree = "<group>";
		};
		946EAB842A41AC6A004ECD2A /* FuturedBot */ = {
			isa = PBXGroup;
			children = (
				C0E520B32A41CC02002FC3D6 /* Extensions */,
				C0E520B02A41C85D002FC3D6 /* Model */,
				C0E520A92A41C82A002FC3D6 /* Errors */,
				C0E5208B2A41C235002FC3D6 /* GraphQL */,
				C0E5209E2A41C272002FC3D6 /* Services */,
				946EAB852A41AC6A004ECD2A /* FuturedBotApp.swift */,
				946EAB872A41AC6A004ECD2A /* ChatView.swift */,
				C0E520B72A41F695002FC3D6 /* WebView.swift */,
				94A2F0442A41BAF20075C85A /* AnalyzeView.swift */,
				946EAB892A41AC6A004ECD2A /* Assets.xcassets */,
				946EAB8B2A41AC6A004ECD2A /* Preview Content */,
			);
			path = FuturedBot;
			sourceTree = "<group>";
		};
		946EAB8B2A41AC6A004ECD2A /* Preview Content */ = {
			isa = PBXGroup;
			children = (
				946EAB8C2A41AC6A004ECD2A /* Preview Assets.xcassets */,
			);
			path = "Preview Content";
			sourceTree = "<group>";
		};
		94A2F0412A41B4770075C85A /* Frameworks */ = {
			isa = PBXGroup;
			children = (
			);
			name = Frameworks;
			sourceTree = "<group>";
		};
		94A2F0462A41BC280075C85A /* Packages */ = {
			isa = PBXGroup;
			children = (
				94D5C9A92A41BC63006F18C4 /* OpenAI-functions */,
			);
			name = Packages;
			sourceTree = "<group>";
		};
		C0E5208B2A41C235002FC3D6 /* GraphQL */ = {
			isa = PBXGroup;
			children = (
				C0E5208C2A41C235002FC3D6 /* GraphQL.generated.swift */,
				C0E5208D2A41C235002FC3D6 /* Queries.graphql */,
				C0E5208E2A41C235002FC3D6 /* Mutations.graphql */,
				C0E5208F2A41C235002FC3D6 /* CancellableContinuation.swift */,
				C0E520902A41C235002FC3D6 /* APIAdapter.swift */,
				C0E520912A41C235002FC3D6 /* schema.json */,
				C0E520922A41C235002FC3D6 /* NetworkInterceptorProvider.swift */,
				C0E520932A41C235002FC3D6 /* ApolloAsyncClientProtocol.swift */,
			);
			path = GraphQL;
			sourceTree = "<group>";
		};
		C0E5209E2A41C272002FC3D6 /* Services */ = {
			isa = PBXGroup;
			children = (
				C0E520A42A41C7E4002FC3D6 /* KeychainService.swift */,
				C0E5209F2A41C283002FC3D6 /* NetworkingService.swift */,
			);
			path = Services;
			sourceTree = "<group>";
		};
		C0E520A92A41C82A002FC3D6 /* Errors */ = {
			isa = PBXGroup;
			children = (
				C0E520AC2A41C838002FC3D6 /* ApolloError.swift */,
				C0E520AA2A41C838002FC3D6 /* NetworkingError.swift */,
				C0E520AB2A41C838002FC3D6 /* StandardError.swift */,
			);
			path = Errors;
			sourceTree = "<group>";
		};
		C0E520B02A41C85D002FC3D6 /* Model */ = {
			isa = PBXGroup;
			children = (
				C0E520B12A41C864002FC3D6 /* Credentials.swift */,
			);
			path = Model;
			sourceTree = "<group>";
		};
		C0E520B32A41CC02002FC3D6 /* Extensions */ = {
			isa = PBXGroup;
			children = (
				C0E520B42A41CC0B002FC3D6 /* URL+Extensions.swift */,
			);
			path = Extensions;
			sourceTree = "<group>";
		};
/* End PBXGroup section */

/* Begin PBXNativeTarget section */
		946EAB812A41AC6A004ECD2A /* FuturedBot */ = {
			isa = PBXNativeTarget;
			buildConfigurationList = 946EAB902A41AC6A004ECD2A /* Build configuration list for PBXNativeTarget "FuturedBot" */;
			buildPhases = (
				946EAB7E2A41AC6A004ECD2A /* Sources */,
				946EAB7F2A41AC6A004ECD2A /* Frameworks */,
				946EAB802A41AC6A004ECD2A /* Resources */,
			);
			buildRules = (
			);
			dependencies = (
			);
			name = FuturedBot;
			packageProductDependencies = (
				94D5C9AA2A41BC6C006F18C4 /* OpenAI */,
				C0E520A22A41C75B002FC3D6 /* Apollo */,
				C0E520A72A41C804002FC3D6 /* FTPropertyWrappers */,
			);
			productName = FuturedBot;
			productReference = 946EAB822A41AC6A004ECD2A /* FuturedBot.app */;
			productType = "com.apple.product-type.application";
		};
/* End PBXNativeTarget section */

/* Begin PBXProject section */
		946EAB7A2A41AC6A004ECD2A /* Project object */ = {
			isa = PBXProject;
			attributes = {
				BuildIndependentTargetsInParallel = 1;
				LastSwiftUpdateCheck = 1430;
				LastUpgradeCheck = 1430;
				TargetAttributes = {
					946EAB812A41AC6A004ECD2A = {
						CreatedOnToolsVersion = 14.3;
					};
				};
			};
			buildConfigurationList = 946EAB7D2A41AC6A004ECD2A /* Build configuration list for PBXProject "FuturedBot" */;
			compatibilityVersion = "Xcode 14.0";
			developmentRegion = en;
			hasScannedForEncodings = 0;
			knownRegions = (
				en,
				Base,
			);
			mainGroup = 946EAB792A41AC6A004ECD2A;
			packageReferences = (
				C0E520A12A41C75B002FC3D6 /* XCRemoteSwiftPackageReference "apollo-ios" */,
				C0E520A62A41C804002FC3D6 /* XCRemoteSwiftPackageReference "FTPropertyWrappers" */,
			);
			productRefGroup = 946EAB832A41AC6A004ECD2A /* Products */;
			projectDirPath = "";
			projectRoot = "";
			targets = (
				946EAB812A41AC6A004ECD2A /* FuturedBot */,
			);
		};
/* End PBXProject section */

/* Begin PBXResourcesBuildPhase section */
		946EAB802A41AC6A004ECD2A /* Resources */ = {
			isa = PBXResourcesBuildPhase;
			buildActionMask = 2147483647;
			files = (
				C0E520952A41C235002FC3D6 /* Queries.graphql in Resources */,
				C0E520992A41C235002FC3D6 /* schema.json in Resources */,
				946EAB8D2A41AC6A004ECD2A /* Preview Assets.xcassets in Resources */,
				C0E520962A41C235002FC3D6 /* Mutations.graphql in Resources */,
				946EAB8A2A41AC6A004ECD2A /* Assets.xcassets in Resources */,
			);
			runOnlyForDeploymentPostprocessing = 0;
		};
/* End PBXResourcesBuildPhase section */

/* Begin PBXSourcesBuildPhase section */
		946EAB7E2A41AC6A004ECD2A /* Sources */ = {
			isa = PBXSourcesBuildPhase;
			buildActionMask = 2147483647;
			files = (
				C0E5209B2A41C235002FC3D6 /* ApolloAsyncClientProtocol.swift in Sources */,
				C0E520B82A41F695002FC3D6 /* WebView.swift in Sources */,
				C0E520982A41C235002FC3D6 /* APIAdapter.swift in Sources */,
				946EAB882A41AC6A004ECD2A /* ChatView.swift in Sources */,
				C0E520AE2A41C838002FC3D6 /* StandardError.swift in Sources */,
				C0E5209A2A41C235002FC3D6 /* NetworkInterceptorProvider.swift in Sources */,
				C0E520A52A41C7E5002FC3D6 /* KeychainService.swift in Sources */,
				C0E520A02A41C283002FC3D6 /* NetworkingService.swift in Sources */,
				C0E520B52A41CC0B002FC3D6 /* URL+Extensions.swift in Sources */,
				94A2F0452A41BAF20075C85A /* AnalyzeView.swift in Sources */,
				C0E520AF2A41C838002FC3D6 /* ApolloError.swift in Sources */,
				C0E520942A41C235002FC3D6 /* GraphQL.generated.swift in Sources */,
				C0E520B22A41C864002FC3D6 /* Credentials.swift in Sources */,
				C0E520972A41C235002FC3D6 /* CancellableContinuation.swift in Sources */,
				C0E520AD2A41C838002FC3D6 /* NetworkingError.swift in Sources */,
				946EAB862A41AC6A004ECD2A /* FuturedBotApp.swift in Sources */,
			);
			runOnlyForDeploymentPostprocessing = 0;
		};
/* End PBXSourcesBuildPhase section */

/* Begin XCBuildConfiguration section */
		946EAB8E2A41AC6A004ECD2A /* Debug */ = {
			isa = XCBuildConfiguration;
			buildSettings = {
				ALWAYS_SEARCH_USER_PATHS = NO;
				CLANG_ANALYZER_NONNULL = YES;
				CLANG_ANALYZER_NUMBER_OBJECT_CONVERSION = YES_AGGRESSIVE;
				CLANG_CXX_LANGUAGE_STANDARD = "gnu++20";
				CLANG_ENABLE_MODULES = YES;
				CLANG_ENABLE_OBJC_ARC = YES;
				CLANG_ENABLE_OBJC_WEAK = YES;
				CLANG_WARN_BLOCK_CAPTURE_AUTORELEASING = YES;
				CLANG_WARN_BOOL_CONVERSION = YES;
				CLANG_WARN_COMMA = YES;
				CLANG_WARN_CONSTANT_CONVERSION = YES;
				CLANG_WARN_DEPRECATED_OBJC_IMPLEMENTATIONS = YES;
				CLANG_WARN_DIRECT_OBJC_ISA_USAGE = YES_ERROR;
				CLANG_WARN_DOCUMENTATION_COMMENTS = YES;
				CLANG_WARN_EMPTY_BODY = YES;
				CLANG_WARN_ENUM_CONVERSION = YES;
				CLANG_WARN_INFINITE_RECURSION = YES;
				CLANG_WARN_INT_CONVERSION = YES;
				CLANG_WARN_NON_LITERAL_NULL_CONVERSION = YES;
				CLANG_WARN_OBJC_IMPLICIT_RETAIN_SELF = YES;
				CLANG_WARN_OBJC_LITERAL_CONVERSION = YES;
				CLANG_WARN_OBJC_ROOT_CLASS = YES_ERROR;
				CLANG_WARN_QUOTED_INCLUDE_IN_FRAMEWORK_HEADER = YES;
				CLANG_WARN_RANGE_LOOP_ANALYSIS = YES;
				CLANG_WARN_STRICT_PROTOTYPES = YES;
				CLANG_WARN_SUSPICIOUS_MOVE = YES;
				CLANG_WARN_UNGUARDED_AVAILABILITY = YES_AGGRESSIVE;
				CLANG_WARN_UNREACHABLE_CODE = YES;
				CLANG_WARN__DUPLICATE_METHOD_MATCH = YES;
				COPY_PHASE_STRIP = NO;
				DEBUG_INFORMATION_FORMAT = dwarf;
				ENABLE_STRICT_OBJC_MSGSEND = YES;
				ENABLE_TESTABILITY = YES;
				GCC_C_LANGUAGE_STANDARD = gnu11;
				GCC_DYNAMIC_NO_PIC = NO;
				GCC_NO_COMMON_BLOCKS = YES;
				GCC_OPTIMIZATION_LEVEL = 0;
				GCC_PREPROCESSOR_DEFINITIONS = (
					"DEBUG=1",
					"$(inherited)",
				);
				GCC_WARN_64_TO_32_BIT_CONVERSION = YES;
				GCC_WARN_ABOUT_RETURN_TYPE = YES_ERROR;
				GCC_WARN_UNDECLARED_SELECTOR = YES;
				GCC_WARN_UNINITIALIZED_AUTOS = YES_AGGRESSIVE;
				GCC_WARN_UNUSED_FUNCTION = YES;
				GCC_WARN_UNUSED_VARIABLE = YES;
				IPHONEOS_DEPLOYMENT_TARGET = 16.4;
				MTL_ENABLE_DEBUG_INFO = INCLUDE_SOURCE;
				MTL_FAST_MATH = YES;
				ONLY_ACTIVE_ARCH = YES;
				SDKROOT = iphoneos;
				SWIFT_ACTIVE_COMPILATION_CONDITIONS = DEBUG;
				SWIFT_OPTIMIZATION_LEVEL = "-Onone";
			};
			name = Debug;
		};
		946EAB8F2A41AC6A004ECD2A /* Release */ = {
			isa = XCBuildConfiguration;
			buildSettings = {
				ALWAYS_SEARCH_USER_PATHS = NO;
				CLANG_ANALYZER_NONNULL = YES;
				CLANG_ANALYZER_NUMBER_OBJECT_CONVERSION = YES_AGGRESSIVE;
				CLANG_CXX_LANGUAGE_STANDARD = "gnu++20";
				CLANG_ENABLE_MODULES = YES;
				CLANG_ENABLE_OBJC_ARC = YES;
				CLANG_ENABLE_OBJC_WEAK = YES;
				CLANG_WARN_BLOCK_CAPTURE_AUTORELEASING = YES;
				CLANG_WARN_BOOL_CONVERSION = YES;
				CLANG_WARN_COMMA = YES;
				CLANG_WARN_CONSTANT_CONVERSION = YES;
				CLANG_WARN_DEPRECATED_OBJC_IMPLEMENTATIONS = YES;
				CLANG_WARN_DIRECT_OBJC_ISA_USAGE = YES_ERROR;
				CLANG_WARN_DOCUMENTATION_COMMENTS = YES;
				CLANG_WARN_EMPTY_BODY = YES;
				CLANG_WARN_ENUM_CONVERSION = YES;
				CLANG_WARN_INFINITE_RECURSION = YES;
				CLANG_WARN_INT_CONVERSION = YES;
				CLANG_WARN_NON_LITERAL_NULL_CONVERSION = YES;
				CLANG_WARN_OBJC_IMPLICIT_RETAIN_SELF = YES;
				CLANG_WARN_OBJC_LITERAL_CONVERSION = YES;
				CLANG_WARN_OBJC_ROOT_CLASS = YES_ERROR;
				CLANG_WARN_QUOTED_INCLUDE_IN_FRAMEWORK_HEADER = YES;
				CLANG_WARN_RANGE_LOOP_ANALYSIS = YES;
				CLANG_WARN_STRICT_PROTOTYPES = YES;
				CLANG_WARN_SUSPICIOUS_MOVE = YES;
				CLANG_WARN_UNGUARDED_AVAILABILITY = YES_AGGRESSIVE;
				CLANG_WARN_UNREACHABLE_CODE = YES;
				CLANG_WARN__DUPLICATE_METHOD_MATCH = YES;
				COPY_PHASE_STRIP = NO;
				DEBUG_INFORMATION_FORMAT = "dwarf-with-dsym";
				ENABLE_NS_ASSERTIONS = NO;
				ENABLE_STRICT_OBJC_MSGSEND = YES;
				GCC_C_LANGUAGE_STANDARD = gnu11;
				GCC_NO_COMMON_BLOCKS = YES;
				GCC_WARN_64_TO_32_BIT_CONVERSION = YES;
				GCC_WARN_ABOUT_RETURN_TYPE = YES_ERROR;
				GCC_WARN_UNDECLARED_SELECTOR = YES;
				GCC_WARN_UNINITIALIZED_AUTOS = YES_AGGRESSIVE;
				GCC_WARN_UNUSED_FUNCTION = YES;
				GCC_WARN_UNUSED_VARIABLE = YES;
				IPHONEOS_DEPLOYMENT_TARGET = 16.4;
				MTL_ENABLE_DEBUG_INFO = NO;
				MTL_FAST_MATH = YES;
				SDKROOT = iphoneos;
				SWIFT_COMPILATION_MODE = wholemodule;
				SWIFT_OPTIMIZATION_LEVEL = "-O";
				VALIDATE_PRODUCT = YES;
			};
			name = Release;
		};
		946EAB912A41AC6A004ECD2A /* Debug */ = {
			isa = XCBuildConfiguration;
			buildSettings = {
				ASSETCATALOG_COMPILER_APPICON_NAME = AppIcon;
				ASSETCATALOG_COMPILER_GLOBAL_ACCENT_COLOR_NAME = AccentColor;
				CODE_SIGN_STYLE = Automatic;
				CURRENT_PROJECT_VERSION = 1;
				DEVELOPMENT_ASSET_PATHS = "\"FuturedBot/Preview Content\"";
				DEVELOPMENT_TEAM = LLW79T3K9U;
				ENABLE_PREVIEWS = YES;
				GENERATE_INFOPLIST_FILE = YES;
				INFOPLIST_KEY_UIApplicationSceneManifest_Generation = YES;
				INFOPLIST_KEY_UIApplicationSupportsIndirectInputEvents = YES;
				INFOPLIST_KEY_UILaunchScreen_Generation = YES;
				INFOPLIST_KEY_UISupportedInterfaceOrientations_iPad = "UIInterfaceOrientationPortrait UIInterfaceOrientationPortraitUpsideDown UIInterfaceOrientationLandscapeLeft UIInterfaceOrientationLandscapeRight";
				INFOPLIST_KEY_UISupportedInterfaceOrientations_iPhone = "UIInterfaceOrientationPortrait UIInterfaceOrientationLandscapeLeft UIInterfaceOrientationLandscapeRight";
				LD_RUNPATH_SEARCH_PATHS = (
					"$(inherited)",
					"@executable_path/Frameworks",
				);
				MARKETING_VERSION = 1.0;
				PRODUCT_BUNDLE_IDENTIFIER = app.futured.FuturedBot;
				PRODUCT_NAME = "$(TARGET_NAME)";
				SWIFT_EMIT_LOC_STRINGS = YES;
				SWIFT_VERSION = 5.0;
				TARGETED_DEVICE_FAMILY = "1,2";
			};
			name = Debug;
		};
		946EAB922A41AC6A004ECD2A /* Release */ = {
			isa = XCBuildConfiguration;
			buildSettings = {
				ASSETCATALOG_COMPILER_APPICON_NAME = AppIcon;
				ASSETCATALOG_COMPILER_GLOBAL_ACCENT_COLOR_NAME = AccentColor;
				CODE_SIGN_STYLE = Automatic;
				CURRENT_PROJECT_VERSION = 1;
				DEVELOPMENT_ASSET_PATHS = "\"FuturedBot/Preview Content\"";
				DEVELOPMENT_TEAM = LLW79T3K9U;
				ENABLE_PREVIEWS = YES;
				GENERATE_INFOPLIST_FILE = YES;
				INFOPLIST_KEY_UIApplicationSceneManifest_Generation = YES;
				INFOPLIST_KEY_UIApplicationSupportsIndirectInputEvents = YES;
				INFOPLIST_KEY_UILaunchScreen_Generation = YES;
				INFOPLIST_KEY_UISupportedInterfaceOrientations_iPad = "UIInterfaceOrientationPortrait UIInterfaceOrientationPortraitUpsideDown UIInterfaceOrientationLandscapeLeft UIInterfaceOrientationLandscapeRight";
				INFOPLIST_KEY_UISupportedInterfaceOrientations_iPhone = "UIInterfaceOrientationPortrait UIInterfaceOrientationLandscapeLeft UIInterfaceOrientationLandscapeRight";
				LD_RUNPATH_SEARCH_PATHS = (
					"$(inherited)",
					"@executable_path/Frameworks",
				);
				MARKETING_VERSION = 1.0;
				PRODUCT_BUNDLE_IDENTIFIER = app.futured.FuturedBot;
				PRODUCT_NAME = "$(TARGET_NAME)";
				SWIFT_EMIT_LOC_STRINGS = YES;
				SWIFT_VERSION = 5.0;
				TARGETED_DEVICE_FAMILY = "1,2";
			};
			name = Release;
		};
/* End XCBuildConfiguration section */

/* Begin XCConfigurationList section */
		946EAB7D2A41AC6A004ECD2A /* Build configuration list for PBXProject "FuturedBot" */ = {
			isa = XCConfigurationList;
			buildConfigurations = (
				946EAB8E2A41AC6A004ECD2A /* Debug */,
				946EAB8F2A41AC6A004ECD2A /* Release */,
			);
			defaultConfigurationIsVisible = 0;
			defaultConfigurationName = Release;
		};
		946EAB902A41AC6A004ECD2A /* Build configuration list for PBXNativeTarget "FuturedBot" */ = {
			isa = XCConfigurationList;
			buildConfigurations = (
				946EAB912A41AC6A004ECD2A /* Debug */,
				946EAB922A41AC6A004ECD2A /* Release */,
			);
			defaultConfigurationIsVisible = 0;
			defaultConfigurationName = Release;
		};
/* End XCConfigurationList section */

/* Begin XCRemoteSwiftPackageReference section */
		C0E520A12A41C75B002FC3D6 /* XCRemoteSwiftPackageReference "apollo-ios" */ = {
			isa = XCRemoteSwiftPackageReference;
			repositoryURL = "https://github.com/apollographql/apollo-ios.git";
			requirement = {
				kind = exactVersion;
				version = 0.53.0;
			};
		};
		C0E520A62A41C804002FC3D6 /* XCRemoteSwiftPackageReference "FTPropertyWrappers" */ = {
			isa = XCRemoteSwiftPackageReference;
			repositoryURL = "https://github.com/futuredapp/FTPropertyWrappers";
			requirement = {
				kind = upToNextMajorVersion;
				minimumVersion = 2.0.0;
			};
		};
/* End XCRemoteSwiftPackageReference section */

/* Begin XCSwiftPackageProductDependency section */
		94D5C9AA2A41BC6C006F18C4 /* OpenAI */ = {
			isa = XCSwiftPackageProductDependency;
			productName = OpenAI;
		};
		C0E520A22A41C75B002FC3D6 /* Apollo */ = {
			isa = XCSwiftPackageProductDependency;
			package = C0E520A12A41C75B002FC3D6 /* XCRemoteSwiftPackageReference "apollo-ios" */;
			productName = Apollo;
		};
		C0E520A72A41C804002FC3D6 /* FTPropertyWrappers */ = {
			isa = XCSwiftPackageProductDependency;
			package = C0E520A62A41C804002FC3D6 /* XCRemoteSwiftPackageReference "FTPropertyWrappers" */;
			productName = FTPropertyWrappers;
		};
/* End XCSwiftPackageProductDependency section */
	};
	rootObject = 946EAB7A2A41AC6A004ECD2A /* Project object */;
}
